// !$*UTF8*$!
{
	archiveVersion = 1;
	classes = {
	};
	objectVersion = 46;
	objects = {

/* Begin PBXBuildFile section */
		4B777A231CEDAFCD00BF92C1 /* main.m in Sources */ = {isa = PBXBuildFile; fileRef = 4B777A221CEDAFCD00BF92C1 /* main.m */; };
		4B777A261CEDAFCD00BF92C1 /* AppDelegate.m in Sources */ = {isa = PBXBuildFile; fileRef = 4B777A251CEDAFCD00BF92C1 /* AppDelegate.m */; };
		4B777A2E1CEDAFCD00BF92C1 /* Assets.xcassets in Resources */ = {isa = PBXBuildFile; fileRef = 4B777A2D1CEDAFCD00BF92C1 /* Assets.xcassets */; };
		4B777A3C1CEDAFCD00BF92C1 /* ShichaZTests.m in Sources */ = {isa = PBXBuildFile; fileRef = 4B777A3B1CEDAFCD00BF92C1 /* ShichaZTests.m */; };
/* End PBXBuildFile section */

/* Begin PBXContainerItemProxy section */
		4B777A381CEDAFCD00BF92C1 /* PBXContainerItemProxy */ = {
			isa = PBXContainerItemProxy;
			containerPortal = 4B777A161CEDAFCD00BF92C1 /* Project object */;
			proxyType = 1;
			remoteGlobalIDString = 4B777A1D1CEDAFCD00BF92C1;
			remoteInfo = ShichaZ;
		};
/* End PBXContainerItemProxy section */

/* Begin PBXFileReference section */
		4B777A1E1CEDAFCD00BF92C1 /* ShichaZ.app */ = {isa = PBXFileReference; explicitFileType = wrapper.application; includeInIndex = 0; path = ShichaZ.app; sourceTree = BUILT_PRODUCTS_DIR; };
		4B777A221CEDAFCD00BF92C1 /* main.m */ = {isa = PBXFileReference; lastKnownFileType = sourcecode.c.objc; path = main.m; sourceTree = "<group>"; };
		4B777A241CEDAFCD00BF92C1 /* AppDelegate.h */ = {isa = PBXFileReference; lastKnownFileType = sourcecode.c.h; path = AppDelegate.h; sourceTree = "<group>"; };
		4B777A251CEDAFCD00BF92C1 /* AppDelegate.m */ = {isa = PBXFileReference; lastKnownFileType = sourcecode.c.objc; path = AppDelegate.m; sourceTree = "<group>"; };
		4B777A2D1CEDAFCD00BF92C1 /* Assets.xcassets */ = {isa = PBXFileReference; lastKnownFileType = folder.assetcatalog; path = Assets.xcassets; sourceTree = "<group>"; };
		4B777A321CEDAFCD00BF92C1 /* Info.plist */ = {isa = PBXFileReference; lastKnownFileType = text.plist.xml; path = Info.plist; sourceTree = "<group>"; };
		4B777A371CEDAFCD00BF92C1 /* ShichaZTests.xctest */ = {isa = PBXFileReference; explicitFileType = wrapper.cfbundle; includeInIndex = 0; path = ShichaZTests.xctest; sourceTree = BUILT_PRODUCTS_DIR; };
		4B777A3B1CEDAFCD00BF92C1 /* ShichaZTests.m */ = {isa = PBXFileReference; lastKnownFileType = sourcecode.c.objc; path = ShichaZTests.m; sourceTree = "<group>"; };
		4B777A3D1CEDAFCD00BF92C1 /* Info.plist */ = {isa = PBXFileReference; lastKnownFileType = text.plist.xml; path = Info.plist; sourceTree = "<group>"; };
/* End PBXFileReference section */

/* Begin PBXFrameworksBuildPhase section */
		4B777A1B1CEDAFCD00BF92C1 /* Frameworks */ = {
			isa = PBXFrameworksBuildPhase;
			buildActionMask = 2147483647;
			files = (
			);
			runOnlyForDeploymentPostprocessing = 0;
		};
		4B777A341CEDAFCD00BF92C1 /* Frameworks */ = {
			isa = PBXFrameworksBuildPhase;
			buildActionMask = 2147483647;
			files = (
			);
			runOnlyForDeploymentPostprocessing = 0;
		};
/* End PBXFrameworksBuildPhase section */

/* Begin PBXGroup section */
		4B777A151CEDAFCD00BF92C1 = {
			isa = PBXGroup;
			children = (
				4B777A201CEDAFCD00BF92C1 /* ShichaZ */,
				4B777A3A1CEDAFCD00BF92C1 /* ShichaZTests */,
				4B777A1F1CEDAFCD00BF92C1 /* Products */,
			);
			sourceTree = "<group>";
		};
		4B777A1F1CEDAFCD00BF92C1 /* Products */ = {
			isa = PBXGroup;
			children = (
				4B777A1E1CEDAFCD00BF92C1 /* ShichaZ.app */,
				4B777A371CEDAFCD00BF92C1 /* ShichaZTests.xctest */,
			);
			name = Products;
			sourceTree = "<group>";
		};
		4B777A201CEDAFCD00BF92C1 /* ShichaZ */ = {
			isa = PBXGroup;
			children = (
				4B777A241CEDAFCD00BF92C1 /* AppDelegate.h */,
				4B777A251CEDAFCD00BF92C1 /* AppDelegate.m */,
				4B777A2D1CEDAFCD00BF92C1 /* Assets.xcassets */,
				4B777A321CEDAFCD00BF92C1 /* Info.plist */,
				4B777A211CEDAFCD00BF92C1 /* Supporting Files */,
			);
			path = ShichaZ;
			sourceTree = "<group>";
		};
		4B777A211CEDAFCD00BF92C1 /* Supporting Files */ = {
			isa = PBXGroup;
			children = (
				4B777A221CEDAFCD00BF92C1 /* main.m */,
			);
			name = "Supporting Files";
			sourceTree = "<group>";
		};
		4B777A3A1CEDAFCD00BF92C1 /* ShichaZTests */ = {
			isa = PBXGroup;
			children = (
				4B777A3B1CEDAFCD00BF92C1 /* ShichaZTests.m */,
				4B777A3D1CEDAFCD00BF92C1 /* Info.plist */,
			);
			path = ShichaZTests;
			sourceTree = "<group>";
		};
/* End PBXGroup section */

/* Begin PBXNativeTarget section */
		4B777A1D1CEDAFCD00BF92C1 /* ShichaZ */ = {
			isa = PBXNativeTarget;
			buildConfigurationList = 4B777A401CEDAFCD00BF92C1 /* Build configuration list for PBXNativeTarget "ShichaZ" */;
			buildPhases = (
				4B777A1A1CEDAFCD00BF92C1 /* Sources */,
				4B777A1B1CEDAFCD00BF92C1 /* Frameworks */,
				4B777A1C1CEDAFCD00BF92C1 /* Resources */,
			);
			buildRules = (
			);
			dependencies = (
			);
			name = ShichaZ;
			productName = ShichaZ;
			productReference = 4B777A1E1CEDAFCD00BF92C1 /* ShichaZ.app */;
			productType = "com.apple.product-type.application";
		};
		4B777A361CEDAFCD00BF92C1 /* ShichaZTests */ = {
			isa = PBXNativeTarget;
			buildConfigurationList = 4B777A431CEDAFCD00BF92C1 /* Build configuration list for PBXNativeTarget "ShichaZTests" */;
			buildPhases = (
				4B777A331CEDAFCD00BF92C1 /* Sources */,
				4B777A341CEDAFCD00BF92C1 /* Frameworks */,
				4B777A351CEDAFCD00BF92C1 /* Resources */,
			);
			buildRules = (
			);
			dependencies = (
				4B777A391CEDAFCD00BF92C1 /* PBXTargetDependency */,
			);
			name = ShichaZTests;
			productName = ShichaZTests;
			productReference = 4B777A371CEDAFCD00BF92C1 /* ShichaZTests.xctest */;
			productType = "com.apple.product-type.bundle.unit-test";
		};
/* End PBXNativeTarget section */

/* Begin PBXProject section */
		4B777A161CEDAFCD00BF92C1 /* Project object */ = {
			isa = PBXProject;
			attributes = {
				LastUpgradeCheck = 0730;
				ORGANIZATIONNAME = Kity_Pei;
				TargetAttributes = {
					4B777A1D1CEDAFCD00BF92C1 = {
						CreatedOnToolsVersion = 7.3.1;
					};
					4B777A361CEDAFCD00BF92C1 = {
						CreatedOnToolsVersion = 7.3.1;
						TestTargetID = 4B777A1D1CEDAFCD00BF92C1;
					};
				};
			};
			buildConfigurationList = 4B777A191CEDAFCD00BF92C1 /* Build configuration list for PBXProject "ShichaZ" */;
			compatibilityVersion = "Xcode 3.2";
			developmentRegion = English;
			hasScannedForEncodings = 0;
			knownRegions = (
				en,
				Base,
			);
			mainGroup = 4B777A151CEDAFCD00BF92C1;
			productRefGroup = 4B777A1F1CEDAFCD00BF92C1 /* Products */;
			projectDirPath = "";
			projectRoot = "";
			targets = (
				4B777A1D1CEDAFCD00BF92C1 /* ShichaZ */,
				4B777A361CEDAFCD00BF92C1 /* ShichaZTests */,
			);
		};
/* End PBXProject section */

/* Begin PBXResourcesBuildPhase section */
		4B777A1C1CEDAFCD00BF92C1 /* Resources */ = {
			isa = PBXResourcesBuildPhase;
			buildActionMask = 2147483647;
			files = (
				4B777A2E1CEDAFCD00BF92C1 /* Assets.xcassets in Resources */,
			);
			runOnlyForDeploymentPostprocessing = 0;
		};
		4B777A351CEDAFCD00BF92C1 /* Resources */ = {
			isa = PBXResourcesBuildPhase;
			buildActionMask = 2147483647;
			files = (
			);
			runOnlyForDeploymentPostprocessing = 0;
		};
/* End PBXResourcesBuildPhase section */

/* Begin PBXSourcesBuildPhase section */
		4B777A1A1CEDAFCD00BF92C1 /* Sources */ = {
			isa = PBXSourcesBuildPhase;
			buildActionMask = 2147483647;
			files = (
				4B777A261CEDAFCD00BF92C1 /* AppDelegate.m in Sources */,
				4B777A231CEDAFCD00BF92C1 /* main.m in Sources */,
			);
			runOnlyForDeploymentPostprocessing = 0;
		};
		4B777A331CEDAFCD00BF92C1 /* Sources */ = {
			isa = PBXSourcesBuildPhase;
			buildActionMask = 2147483647;
			files = (
				4B777A3C1CEDAFCD00BF92C1 /* ShichaZTests.m in Sources */,
			);
			runOnlyForDeploymentPostprocessing = 0;
		};
/* End PBXSourcesBuildPhase section */

/* Begin PBXTargetDependency section */
		4B777A391CEDAFCD00BF92C1 /* PBXTargetDependency */ = {
			isa = PBXTargetDependency;
			target = 4B777A1D1CEDAFCD00BF92C1 /* ShichaZ */;
			targetProxy = 4B777A381CEDAFCD00BF92C1 /* PBXContainerItemProxy */;
		};
/* End PBXTargetDependency section */

/* Begin XCBuildConfiguration section */
		4B777A3E1CEDAFCD00BF92C1 /* Debug */ = {
			isa = XCBuildConfiguration;
			buildSettings = {
				ALWAYS_SEARCH_USER_PATHS = NO;
				CLANG_ANALYZER_NONNULL = YES;
				CLANG_CXX_LANGUAGE_STANDARD = "gnu++0x";
				CLANG_CXX_LIBRARY = "libc++";
				CLANG_ENABLE_MODULES = YES;
				CLANG_ENABLE_OBJC_ARC = YES;
				CLANG_WARN_BOOL_CONVERSION = YES;
				CLANG_WARN_CONSTANT_CONVERSION = YES;
				CLANG_WARN_DIRECT_OBJC_ISA_USAGE = YES_ERROR;
				CLANG_WARN_EMPTY_BODY = YES;
				CLANG_WARN_ENUM_CONVERSION = YES;
				CLANG_WARN_INT_CONVERSION = YES;
				CLANG_WARN_OBJC_ROOT_CLASS = YES_ERROR;
				CLANG_WARN_UNREACHABLE_CODE = YES;
				CLANG_WARN__DUPLICATE_METHOD_MATCH = YES;
				"CODE_SIGN_IDENTITY[sdk=iphoneos*]" = "iPhone Developer";
				COPY_PHASE_STRIP = NO;
				DEBUG_INFORMATION_FORMAT = dwarf;
				ENABLE_STRICT_OBJC_MSGSEND = YES;
				ENABLE_TESTABILITY = YES;
				GCC_C_LANGUAGE_STANDARD = gnu99;
				GCC_DYNAMIC_NO_PIC = NO;
				GCC_NO_COMMON_BLOCKS = YES;
				GCC_OPTIMIZATION_LEVEL = 0;
				GCC_PREPROCESSOR_DEFINITIONS = (
					"DEBUG=1",
					"$(inherited)",
				);
				GCC_WARN_64_TO_32_BIT_CONVERSION = YES;
				GCC_WARN_ABOUT_RETURN_TYPE = YES_ERROR;
				GCC_WARN_UNDECLARED_SELECTOR = YES;
				GCC_WARN_UNINITIALIZED_AUTOS = YES_AGGRESSIVE;
				GCC_WARN_UNUSED_FUNCTION = YES;
				GCC_WARN_UNUSED_VARIABLE = YES;
				IPHONEOS_DEPLOYMENT_TARGET = 7.0;
				MTL_ENABLE_DEBUG_INFO = YES;
				ONLY_ACTIVE_ARCH = YES;
				SDKROOT = iphoneos;
			};
			name = Debug;
		};
		4B777A3F1CEDAFCD00BF92C1 /* Release */ = {
			isa = XCBuildConfiguration;
			buildSettings = {
				ALWAYS_SEARCH_USER_PATHS = NO;
				CLANG_ANALYZER_NONNULL = YES;
				CLANG_CXX_LANGUAGE_STANDARD = "gnu++0x";
				CLANG_CXX_LIBRARY = "libc++";
				CLANG_ENABLE_MODULES = YES;
				CLANG_ENABLE_OBJC_ARC = YES;
				CLANG_WARN_BOOL_CONVERSION = YES;
				CLANG_WARN_CONSTANT_CONVERSION = YES;
				CLANG_WARN_DIRECT_OBJC_ISA_USAGE = YES_ERROR;
				CLANG_WARN_EMPTY_BODY = YES;
				CLANG_WARN_ENUM_CONVERSION = YES;
				CLANG_WARN_INT_CONVERSION = YES;
				CLANG_WARN_OBJC_ROOT_CLASS = YES_ERROR;
				CLANG_WARN_UNREACHABLE_CODE = YES;
				CLANG_WARN__DUPLICATE_METHOD_MATCH = YES;
				"CODE_SIGN_IDENTITY[sdk=iphoneos*]" = "iPhone Developer";
				COPY_PHASE_STRIP = NO;
				DEBUG_INFORMATION_FORMAT = "dwarf-with-dsym";
				ENABLE_NS_ASSERTIONS = NO;
				ENABLE_STRICT_OBJC_MSGSEND = YES;
				GCC_C_LANGUAGE_STANDARD = gnu99;
				GCC_NO_COMMON_BLOCKS = YES;
				GCC_WARN_64_TO_32_BIT_CONVERSION = YES;
				GCC_WARN_ABOUT_RETURN_TYPE = YES_ERROR;
				GCC_WARN_UNDECLARED_SELECTOR = YES;
				GCC_WARN_UNINITIALIZED_AUTOS = YES_AGGRESSIVE;
				GCC_WARN_UNUSED_FUNCTION = YES;
				GCC_WARN_UNUSED_VARIABLE = YES;
				IPHONEOS_DEPLOYMENT_TARGET = 7.0;
				MTL_ENABLE_DEBUG_INFO = NO;
				SDKROOT = iphoneos;
				VALIDATE_PRODUCT = YES;
			};
			name = Release;
		};
		4B777A411CEDAFCD00BF92C1 /* Debug */ = {
			isa = XCBuildConfiguration;
			buildSettings = {
				ASSETCATALOG_COMPILER_APPICON_NAME = AppIcon;
				ASSETCATALOG_COMPILER_LAUNCHIMAGE_NAME = "Brand Assets";
				INFOPLIST_FILE = ShichaZ/Info.plist;
				LD_RUNPATH_SEARCH_PATHS = "$(inherited) @executable_path/Frameworks";
				PRODUCT_BUNDLE_IDENTIFIER = com.drogan.pp.ShichaZ;
				PRODUCT_NAME = "$(TARGET_NAME)";
			};
			name = Debug;
		};
		4B777A421CEDAFCD00BF92C1 /* Release */ = {
			isa = XCBuildConfiguration;
			buildSettings = {
				ASSETCATALOG_COMPILER_APPICON_NAME = AppIcon;
				ASSETCATALOG_COMPILER_LAUNCHIMAGE_NAME = "Brand Assets";
				INFOPLIST_FILE = ShichaZ/Info.plist;
				LD_RUNPATH_SEARCH_PATHS = "$(inherited) @executable_path/Frameworks";
				PRODUCT_BUNDLE_IDENTIFIER = com.drogan.pp.ShichaZ;
				PRODUCT_NAME = "$(TARGET_NAME)";
			};
			name = Release;
		};
		4B777A441CEDAFCD00BF92C1 /* Debug */ = {
			isa = XCBuildConfiguration;
			buildSettings = {
				BUNDLE_LOADER = "$(TEST_HOST)";
				INFOPLIST_FILE = ShichaZTests/Info.plist;
				LD_RUNPATH_SEARCH_PATHS = "$(inherited) @executable_path/Frameworks @loader_path/Frameworks";
				PRODUCT_BUNDLE_IDENTIFIER = com.drogan.pp.ShichaZTests;
				PRODUCT_NAME = "$(TARGET_NAME)";
				TEST_HOST = "$(BUILT_PRODUCTS_DIR)/ShichaZ.app/ShichaZ";
			};
			name = Debug;
		};
		4B777A451CEDAFCD00BF92C1 /* Release */ = {
			isa = XCBuildConfiguration;
			buildSettings = {
				BUNDLE_LOADER = "$(TEST_HOST)";
				INFOPLIST_FILE = ShichaZTests/Info.plist;
				LD_RUNPATH_SEARCH_PATHS = "$(inherited) @executable_path/Frameworks @loader_path/Frameworks";
				PRODUCT_BUNDLE_IDENTIFIER = com.drogan.pp.ShichaZTests;
				PRODUCT_NAME = "$(TARGET_NAME)";
				TEST_HOST = "$(BUILT_PRODUCTS_DIR)/ShichaZ.app/ShichaZ";
			};
			name = Release;
		};
/* End XCBuildConfiguration section */

/* Begin XCConfigurationList section */
		4B777A191CEDAFCD00BF92C1 /* Build configuration list for PBXProject "ShichaZ" */ = {
			isa = XCConfigurationList;
			buildConfigurations = (
				4B777A3E1CEDAFCD00BF92C1 /* Debug */,
				4B777A3F1CEDAFCD00BF92C1 /* Release */,
			);
			defaultConfigurationIsVisible = 0;
			defaultConfigurationName = Release;
		};
		4B777A401CEDAFCD00BF92C1 /* Build configuration list for PBXNativeTarget "ShichaZ" */ = {
			isa = XCConfigurationList;
			buildConfigurations = (
				4B777A411CEDAFCD00BF92C1 /* Debug */,
				4B777A421CEDAFCD00BF92C1 /* Release */,
			);
			defaultConfigurationIsVisible = 0;
		};
		4B777A431CEDAFCD00BF92C1 /* Build configuration list for PBXNativeTarget "ShichaZTests" */ = {
			isa = XCConfigurationList;
			buildConfigurations = (
				4B777A441CEDAFCD00BF92C1 /* Debug */,
				4B777A451CEDAFCD00BF92C1 /* Release */,
			);
			defaultConfigurationIsVisible = 0;
		};
/* End XCConfigurationList section */
	};
	rootObject = 4B777A161CEDAFCD00BF92C1 /* Project object */;
}
