// !$*UTF8*$!
{
	archiveVersion = 1;
	classes = {
	};
	objectVersion = 46;
	objects = {

/* Begin PBXBuildFile section */
		1C0DCAF75E6DEBBA81460987 /* libPods.a in Frameworks */ = {isa = PBXBuildFile; fileRef = 8636FBD7D04D29BAE715DB08 /* libPods.a */; };
		4B777A231CEDAFCD00BF92C1 /* main.m in Sources */ = {isa = PBXBuildFile; fileRef = 4B777A221CEDAFCD00BF92C1 /* main.m */; };
		4B777A261CEDAFCD00BF92C1 /* AppDelegate.m in Sources */ = {isa = PBXBuildFile; fileRef = 4B777A251CEDAFCD00BF92C1 /* AppDelegate.m */; };
		4B777A2E1CEDAFCD00BF92C1 /* Assets.xcassets in Resources */ = {isa = PBXBuildFile; fileRef = 4B777A2D1CEDAFCD00BF92C1 /* Assets.xcassets */; };
		4B777A3C1CEDAFCD00BF92C1 /* ShichaZTests.m in Sources */ = {isa = PBXBuildFile; fileRef = 4B777A3B1CEDAFCD00BF92C1 /* ShichaZTests.m */; };
		4BD092EE1CEF37370092B50F /* BaseViewController.m in Sources */ = {isa = PBXBuildFile; fileRef = 4BD092ED1CEF37370092B50F /* BaseViewController.m */; };
		4BD092F11CEF37670092B50F /* CustomTabbarController.m in Sources */ = {isa = PBXBuildFile; fileRef = 4BD092F01CEF37670092B50F /* CustomTabbarController.m */; };
		4BD092FA1CEF3B680092B50F /* MBProgressHUD+PP.m in Sources */ = {isa = PBXBuildFile; fileRef = 4BD092F91CEF3B680092B50F /* MBProgressHUD+PP.m */; };
		4BD092FD1CEF3D3B0092B50F /* NSString+PP.m in Sources */ = {isa = PBXBuildFile; fileRef = 4BD092FC1CEF3D3B0092B50F /* NSString+PP.m */; };
		E589EE0A1CF46326002E626F /* PPUntils.m in Sources */ = {isa = PBXBuildFile; fileRef = E589EE091CF46326002E626F /* PPUntils.m */; };
		E5E2BF471D1BD86F00888D44 /* DiscussModel.m in Sources */ = {isa = PBXBuildFile; fileRef = E5E2BF461D1BD86F00888D44 /* DiscussModel.m */; };
		E5E2BF4A1D1BDB5300888D44 /* DiscussRequestApi.m in Sources */ = {isa = PBXBuildFile; fileRef = E5E2BF491D1BDB5300888D44 /* DiscussRequestApi.m */; };
		E5E3E39D1D184BD200C4A640 /* RestaurantDetailViewController.m in Sources */ = {isa = PBXBuildFile; fileRef = E5E3E3801D184BD200C4A640 /* RestaurantDetailViewController.m */; };
		E5E3E39E1D184BD200C4A640 /* RestaurantGroupViewController.m in Sources */ = {isa = PBXBuildFile; fileRef = E5E3E3821D184BD200C4A640 /* RestaurantGroupViewController.m */; };
		E5E3E39F1D184BD200C4A640 /* GroupTableViewCell.m in Sources */ = {isa = PBXBuildFile; fileRef = E5E3E3861D184BD200C4A640 /* GroupTableViewCell.m */; };
		E5E3E3A01D184BD200C4A640 /* GroupViewController.m in Sources */ = {isa = PBXBuildFile; fileRef = E5E3E3891D184BD200C4A640 /* GroupViewController.m */; };
		E5E3E3A11D184BD200C4A640 /* IndentTextField.m in Sources */ = {isa = PBXBuildFile; fileRef = E5E3E38F1D184BD200C4A640 /* IndentTextField.m */; };
		E5E3E3A21D184BD200C4A640 /* LoginViewController.m in Sources */ = {isa = PBXBuildFile; fileRef = E5E3E3921D184BD200C4A640 /* LoginViewController.m */; };
		E5E3E3A31D184BD200C4A640 /* RegisterViewController.m in Sources */ = {isa = PBXBuildFile; fileRef = E5E3E3941D184BD200C4A640 /* RegisterViewController.m */; };
		E5E3E3A41D184BD200C4A640 /* SettingTableViewCell.m in Sources */ = {isa = PBXBuildFile; fileRef = E5E3E3991D184BD200C4A640 /* SettingTableViewCell.m */; };
		E5E3E3A51D184BD200C4A640 /* MySettingViewController.m in Sources */ = {isa = PBXBuildFile; fileRef = E5E3E39C1D184BD200C4A640 /* MySettingViewController.m */; };
/* End PBXBuildFile section */

/* Begin PBXContainerItemProxy section */
		4B777A381CEDAFCD00BF92C1 /* PBXContainerItemProxy */ = {
			isa = PBXContainerItemProxy;
			containerPortal = 4B777A161CEDAFCD00BF92C1 /* Project object */;
			proxyType = 1;
			remoteGlobalIDString = 4B777A1D1CEDAFCD00BF92C1;
			remoteInfo = ShichaZ;
		};
/* End PBXContainerItemProxy section */

/* Begin PBXFileReference section */
		105C23766CC41D478566DAD1 /* Pods.debug.xcconfig */ = {isa = PBXFileReference; includeInIndex = 1; lastKnownFileType = text.xcconfig; name = Pods.debug.xcconfig; path = "Pods/Target Support Files/Pods/Pods.debug.xcconfig"; sourceTree = "<group>"; };
		4B565ABD1CEEF32800E511E0 /* ShichaZ_Prefix.pch */ = {isa = PBXFileReference; fileEncoding = 4; lastKnownFileType = sourcecode.c.h; path = ShichaZ_Prefix.pch; sourceTree = "<group>"; };
		4B777A1E1CEDAFCD00BF92C1 /* ShichaZ.app */ = {isa = PBXFileReference; explicitFileType = wrapper.application; includeInIndex = 0; path = ShichaZ.app; sourceTree = BUILT_PRODUCTS_DIR; };
		4B777A221CEDAFCD00BF92C1 /* main.m */ = {isa = PBXFileReference; lastKnownFileType = sourcecode.c.objc; path = main.m; sourceTree = "<group>"; };
		4B777A241CEDAFCD00BF92C1 /* AppDelegate.h */ = {isa = PBXFileReference; lastKnownFileType = sourcecode.c.h; path = AppDelegate.h; sourceTree = "<group>"; };
		4B777A251CEDAFCD00BF92C1 /* AppDelegate.m */ = {isa = PBXFileReference; lastKnownFileType = sourcecode.c.objc; path = AppDelegate.m; sourceTree = "<group>"; };
		4B777A2D1CEDAFCD00BF92C1 /* Assets.xcassets */ = {isa = PBXFileReference; lastKnownFileType = folder.assetcatalog; path = Assets.xcassets; sourceTree = "<group>"; };
		4B777A321CEDAFCD00BF92C1 /* Info.plist */ = {isa = PBXFileReference; lastKnownFileType = text.plist.xml; path = Info.plist; sourceTree = "<group>"; };
		4B777A371CEDAFCD00BF92C1 /* ShichaZTests.xctest */ = {isa = PBXFileReference; explicitFileType = wrapper.cfbundle; includeInIndex = 0; path = ShichaZTests.xctest; sourceTree = BUILT_PRODUCTS_DIR; };
		4B777A3B1CEDAFCD00BF92C1 /* ShichaZTests.m */ = {isa = PBXFileReference; lastKnownFileType = sourcecode.c.objc; path = ShichaZTests.m; sourceTree = "<group>"; };
		4B777A3D1CEDAFCD00BF92C1 /* Info.plist */ = {isa = PBXFileReference; lastKnownFileType = text.plist.xml; path = Info.plist; sourceTree = "<group>"; };
		4BD092EC1CEF37370092B50F /* BaseViewController.h */ = {isa = PBXFileReference; fileEncoding = 4; lastKnownFileType = sourcecode.c.h; path = BaseViewController.h; sourceTree = "<group>"; };
		4BD092ED1CEF37370092B50F /* BaseViewController.m */ = {isa = PBXFileReference; fileEncoding = 4; lastKnownFileType = sourcecode.c.objc; path = BaseViewController.m; sourceTree = "<group>"; };
		4BD092EF1CEF37670092B50F /* CustomTabbarController.h */ = {isa = PBXFileReference; fileEncoding = 4; lastKnownFileType = sourcecode.c.h; path = CustomTabbarController.h; sourceTree = "<group>"; };
		4BD092F01CEF37670092B50F /* CustomTabbarController.m */ = {isa = PBXFileReference; fileEncoding = 4; lastKnownFileType = sourcecode.c.objc; path = CustomTabbarController.m; sourceTree = "<group>"; };
		4BD092F21CEF377E0092B50F /* MFound.h */ = {isa = PBXFileReference; fileEncoding = 4; lastKnownFileType = sourcecode.c.h; path = MFound.h; sourceTree = "<group>"; };
		4BD092F81CEF3B680092B50F /* MBProgressHUD+PP.h */ = {isa = PBXFileReference; fileEncoding = 4; lastKnownFileType = sourcecode.c.h; path = "MBProgressHUD+PP.h"; sourceTree = "<group>"; };
		4BD092F91CEF3B680092B50F /* MBProgressHUD+PP.m */ = {isa = PBXFileReference; fileEncoding = 4; lastKnownFileType = sourcecode.c.objc; path = "MBProgressHUD+PP.m"; sourceTree = "<group>"; };
		4BD092FB1CEF3D3B0092B50F /* NSString+PP.h */ = {isa = PBXFileReference; fileEncoding = 4; lastKnownFileType = sourcecode.c.h; path = "NSString+PP.h"; sourceTree = "<group>"; };
		4BD092FC1CEF3D3B0092B50F /* NSString+PP.m */ = {isa = PBXFileReference; fileEncoding = 4; lastKnownFileType = sourcecode.c.objc; path = "NSString+PP.m"; sourceTree = "<group>"; };
		8636FBD7D04D29BAE715DB08 /* libPods.a */ = {isa = PBXFileReference; explicitFileType = archive.ar; includeInIndex = 0; path = libPods.a; sourceTree = BUILT_PRODUCTS_DIR; };
		8A80D266090026EA23CFC94A /* Pods.release.xcconfig */ = {isa = PBXFileReference; includeInIndex = 1; lastKnownFileType = text.xcconfig; name = Pods.release.xcconfig; path = "Pods/Target Support Files/Pods/Pods.release.xcconfig"; sourceTree = "<group>"; };
		E589EE081CF46326002E626F /* PPUntils.h */ = {isa = PBXFileReference; fileEncoding = 4; lastKnownFileType = sourcecode.c.h; path = PPUntils.h; sourceTree = "<group>"; };
		E589EE091CF46326002E626F /* PPUntils.m */ = {isa = PBXFileReference; fileEncoding = 4; lastKnownFileType = sourcecode.c.objc; path = PPUntils.m; sourceTree = "<group>"; };
		E5E2BF451D1BD86F00888D44 /* DiscussModel.h */ = {isa = PBXFileReference; fileEncoding = 4; lastKnownFileType = sourcecode.c.h; path = DiscussModel.h; sourceTree = "<group>"; };
		E5E2BF461D1BD86F00888D44 /* DiscussModel.m */ = {isa = PBXFileReference; fileEncoding = 4; lastKnownFileType = sourcecode.c.objc; path = DiscussModel.m; sourceTree = "<group>"; };
		E5E2BF481D1BDB5300888D44 /* DiscussRequestApi.h */ = {isa = PBXFileReference; fileEncoding = 4; lastKnownFileType = sourcecode.c.h; path = DiscussRequestApi.h; sourceTree = "<group>"; };
		E5E2BF491D1BDB5300888D44 /* DiscussRequestApi.m */ = {isa = PBXFileReference; fileEncoding = 4; lastKnownFileType = sourcecode.c.objc; path = DiscussRequestApi.m; sourceTree = "<group>"; };
		E5E3E37F1D184BD200C4A640 /* RestaurantDetailViewController.h */ = {isa = PBXFileReference; fileEncoding = 4; lastKnownFileType = sourcecode.c.h; path = RestaurantDetailViewController.h; sourceTree = "<group>"; };
		E5E3E3801D184BD200C4A640 /* RestaurantDetailViewController.m */ = {isa = PBXFileReference; fileEncoding = 4; lastKnownFileType = sourcecode.c.objc; path = RestaurantDetailViewController.m; sourceTree = "<group>"; };
		E5E3E3811D184BD200C4A640 /* RestaurantGroupViewController.h */ = {isa = PBXFileReference; fileEncoding = 4; lastKnownFileType = sourcecode.c.h; path = RestaurantGroupViewController.h; sourceTree = "<group>"; };
		E5E3E3821D184BD200C4A640 /* RestaurantGroupViewController.m */ = {isa = PBXFileReference; fileEncoding = 4; lastKnownFileType = sourcecode.c.objc; path = RestaurantGroupViewController.m; sourceTree = "<group>"; };
		E5E3E3851D184BD200C4A640 /* GroupTableViewCell.h */ = {isa = PBXFileReference; fileEncoding = 4; lastKnownFileType = sourcecode.c.h; path = GroupTableViewCell.h; sourceTree = "<group>"; };
		E5E3E3861D184BD200C4A640 /* GroupTableViewCell.m */ = {isa = PBXFileReference; fileEncoding = 4; lastKnownFileType = sourcecode.c.objc; path = GroupTableViewCell.m; sourceTree = "<group>"; };
		E5E3E3881D184BD200C4A640 /* GroupViewController.h */ = {isa = PBXFileReference; fileEncoding = 4; lastKnownFileType = sourcecode.c.h; path = GroupViewController.h; sourceTree = "<group>"; };
		E5E3E3891D184BD200C4A640 /* GroupViewController.m */ = {isa = PBXFileReference; fileEncoding = 4; lastKnownFileType = sourcecode.c.objc; path = GroupViewController.m; sourceTree = "<group>"; };
		E5E3E38E1D184BD200C4A640 /* IndentTextField.h */ = {isa = PBXFileReference; fileEncoding = 4; lastKnownFileType = sourcecode.c.h; path = IndentTextField.h; sourceTree = "<group>"; };
		E5E3E38F1D184BD200C4A640 /* IndentTextField.m */ = {isa = PBXFileReference; fileEncoding = 4; lastKnownFileType = sourcecode.c.objc; path = IndentTextField.m; sourceTree = "<group>"; };
		E5E3E3911D184BD200C4A640 /* LoginViewController.h */ = {isa = PBXFileReference; fileEncoding = 4; lastKnownFileType = sourcecode.c.h; path = LoginViewController.h; sourceTree = "<group>"; };
		E5E3E3921D184BD200C4A640 /* LoginViewController.m */ = {isa = PBXFileReference; fileEncoding = 4; lastKnownFileType = sourcecode.c.objc; path = LoginViewController.m; sourceTree = "<group>"; };
		E5E3E3931D184BD200C4A640 /* RegisterViewController.h */ = {isa = PBXFileReference; fileEncoding = 4; lastKnownFileType = sourcecode.c.h; path = RegisterViewController.h; sourceTree = "<group>"; };
		E5E3E3941D184BD200C4A640 /* RegisterViewController.m */ = {isa = PBXFileReference; fileEncoding = 4; lastKnownFileType = sourcecode.c.objc; path = RegisterViewController.m; sourceTree = "<group>"; };
		E5E3E3981D184BD200C4A640 /* SettingTableViewCell.h */ = {isa = PBXFileReference; fileEncoding = 4; lastKnownFileType = sourcecode.c.h; path = SettingTableViewCell.h; sourceTree = "<group>"; };
		E5E3E3991D184BD200C4A640 /* SettingTableViewCell.m */ = {isa = PBXFileReference; fileEncoding = 4; lastKnownFileType = sourcecode.c.objc; path = SettingTableViewCell.m; sourceTree = "<group>"; };
		E5E3E39B1D184BD200C4A640 /* MySettingViewController.h */ = {isa = PBXFileReference; fileEncoding = 4; lastKnownFileType = sourcecode.c.h; path = MySettingViewController.h; sourceTree = "<group>"; };
		E5E3E39C1D184BD200C4A640 /* MySettingViewController.m */ = {isa = PBXFileReference; fileEncoding = 4; lastKnownFileType = sourcecode.c.objc; path = MySettingViewController.m; sourceTree = "<group>"; };
/* End PBXFileReference section */

/* Begin PBXFrameworksBuildPhase section */
		4B777A1B1CEDAFCD00BF92C1 /* Frameworks */ = {
			isa = PBXFrameworksBuildPhase;
			buildActionMask = 2147483647;
			files = (
				1C0DCAF75E6DEBBA81460987 /* libPods.a in Frameworks */,
			);
			runOnlyForDeploymentPostprocessing = 0;
		};
		4B777A341CEDAFCD00BF92C1 /* Frameworks */ = {
			isa = PBXFrameworksBuildPhase;
			buildActionMask = 2147483647;
			files = (
			);
			runOnlyForDeploymentPostprocessing = 0;
		};
/* End PBXFrameworksBuildPhase section */

/* Begin PBXGroup section */
		4B777A151CEDAFCD00BF92C1 = {
			isa = PBXGroup;
			children = (
				4B777A201CEDAFCD00BF92C1 /* ShichaZ */,
				4B777A3A1CEDAFCD00BF92C1 /* ShichaZTests */,
				4B777A1F1CEDAFCD00BF92C1 /* Products */,
				B28B5E61DCF216D47C2CF9FB /* Pods */,
				8528DCC135AE3CE09C3685FB /* Frameworks */,
			);
			sourceTree = "<group>";
		};
		4B777A1F1CEDAFCD00BF92C1 /* Products */ = {
			isa = PBXGroup;
			children = (
				4B777A1E1CEDAFCD00BF92C1 /* ShichaZ.app */,
				4B777A371CEDAFCD00BF92C1 /* ShichaZTests.xctest */,
			);
			name = Products;
			sourceTree = "<group>";
		};
		4B777A201CEDAFCD00BF92C1 /* ShichaZ */ = {
			isa = PBXGroup;
			children = (
				4B777A241CEDAFCD00BF92C1 /* AppDelegate.h */,
				4B777A251CEDAFCD00BF92C1 /* AppDelegate.m */,
				4BD092E81CEF37100092B50F /* Class */,
				4BD092E91CEF37100092B50F /* Define */,
				4BD092EA1CEF37100092B50F /* Until */,
				4B777A2D1CEDAFCD00BF92C1 /* Assets.xcassets */,
				4B777A321CEDAFCD00BF92C1 /* Info.plist */,
				4B777A211CEDAFCD00BF92C1 /* Supporting Files */,
			);
			path = ShichaZ;
			sourceTree = "<group>";
		};
		4B777A211CEDAFCD00BF92C1 /* Supporting Files */ = {
			isa = PBXGroup;
			children = (
				4B777A221CEDAFCD00BF92C1 /* main.m */,
				4B565ABD1CEEF32800E511E0 /* ShichaZ_Prefix.pch */,
			);
			name = "Supporting Files";
			sourceTree = "<group>";
		};
		4B777A3A1CEDAFCD00BF92C1 /* ShichaZTests */ = {
			isa = PBXGroup;
			children = (
				4B777A3B1CEDAFCD00BF92C1 /* ShichaZTests.m */,
				4B777A3D1CEDAFCD00BF92C1 /* Info.plist */,
			);
			path = ShichaZTests;
			sourceTree = "<group>";
		};
		4BD092E81CEF37100092B50F /* Class */ = {
			isa = PBXGroup;
			children = (
				4BD092EC1CEF37370092B50F /* BaseViewController.h */,
				4BD092ED1CEF37370092B50F /* BaseViewController.m */,
				4BD092EF1CEF37670092B50F /* CustomTabbarController.h */,
				4BD092F01CEF37670092B50F /* CustomTabbarController.m */,
				E5E3E37D1D184BD200C4A640 /* Eating */,
				E5E3E3831D184BD200C4A640 /* Group */,
				E5E3E38B1D184BD200C4A640 /* Login:Res */,
				E5E3E3961D184BD200C4A640 /* My */,
			);
			path = Class;
			sourceTree = "<group>";
		};
		4BD092E91CEF37100092B50F /* Define */ = {
			isa = PBXGroup;
			children = (
				4BD092F21CEF377E0092B50F /* MFound.h */,
			);
			path = Define;
			sourceTree = "<group>";
		};
		4BD092EA1CEF37100092B50F /* Until */ = {
			isa = PBXGroup;
			children = (
				4BD092EB1CEF37100092B50F /* Category */,
			);
			path = Until;
			sourceTree = "<group>";
		};
		4BD092EB1CEF37100092B50F /* Category */ = {
			isa = PBXGroup;
			children = (
				4BD092F81CEF3B680092B50F /* MBProgressHUD+PP.h */,
				4BD092F91CEF3B680092B50F /* MBProgressHUD+PP.m */,
				4BD092FB1CEF3D3B0092B50F /* NSString+PP.h */,
				4BD092FC1CEF3D3B0092B50F /* NSString+PP.m */,
				E589EE081CF46326002E626F /* PPUntils.h */,
				E589EE091CF46326002E626F /* PPUntils.m */,
			);
			path = Category;
			sourceTree = "<group>";
		};
		8528DCC135AE3CE09C3685FB /* Frameworks */ = {
			isa = PBXGroup;
			children = (
				8636FBD7D04D29BAE715DB08 /* libPods.a */,
			);
			name = Frameworks;
			sourceTree = "<group>";
		};
		B28B5E61DCF216D47C2CF9FB /* Pods */ = {
			isa = PBXGroup;
			children = (
				105C23766CC41D478566DAD1 /* Pods.debug.xcconfig */,
				8A80D266090026EA23CFC94A /* Pods.release.xcconfig */,
			);
			name = Pods;
			sourceTree = "<group>";
		};
		E5E2BF441D1BD86100888D44 /* Model */ = {
			isa = PBXGroup;
			children = (
				E5E2BF451D1BD86F00888D44 /* DiscussModel.h */,
				E5E2BF461D1BD86F00888D44 /* DiscussModel.m */,
				E5E2BF481D1BDB5300888D44 /* DiscussRequestApi.h */,
				E5E2BF491D1BDB5300888D44 /* DiscussRequestApi.m */,
			);
			path = Model;
			sourceTree = "<group>";
		};
		E5E3E37D1D184BD200C4A640 /* Eating */ = {
			isa = PBXGroup;
			children = (
				E5E3E37E1D184BD200C4A640 /* ViewController */,
			);
			path = Eating;
			sourceTree = "<group>";
		};
		E5E3E37E1D184BD200C4A640 /* ViewController */ = {
			isa = PBXGroup;
			children = (
				E5E3E37F1D184BD200C4A640 /* RestaurantDetailViewController.h */,
				E5E3E3801D184BD200C4A640 /* RestaurantDetailViewController.m */,
				E5E3E3811D184BD200C4A640 /* RestaurantGroupViewController.h */,
				E5E3E3821D184BD200C4A640 /* RestaurantGroupViewController.m */,
			);
			path = ViewController;
			sourceTree = "<group>";
		};
		E5E3E3831D184BD200C4A640 /* Group */ = {
			isa = PBXGroup;
			children = (
				E5E2BF441D1BD86100888D44 /* Model */,
				E5E3E3841D184BD200C4A640 /* View */,
				E5E3E3871D184BD200C4A640 /* ViewController */,
			);
			path = Group;
			sourceTree = "<group>";
		};
		E5E3E3841D184BD200C4A640 /* View */ = {
			isa = PBXGroup;
			children = (
				E5E3E3851D184BD200C4A640 /* GroupTableViewCell.h */,
				E5E3E3861D184BD200C4A640 /* GroupTableViewCell.m */,
			);
			path = View;
			sourceTree = "<group>";
		};
		E5E3E3871D184BD200C4A640 /* ViewController */ = {
			isa = PBXGroup;
			children = (
				E5E3E3881D184BD200C4A640 /* GroupViewController.h */,
				E5E3E3891D184BD200C4A640 /* GroupViewController.m */,
			);
			path = ViewController;
			sourceTree = "<group>";
		};
		E5E3E38B1D184BD200C4A640 /* Login:Res */ = {
			isa = PBXGroup;
			children = (
				E5E3E38C1D184BD200C4A640 /* Model */,
				E5E3E38D1D184BD200C4A640 /* View */,
				E5E3E3901D184BD200C4A640 /* ViewController */,
				E5E3E3951D184BD200C4A640 /* ViewModel */,
			);
			path = "Login:Res";
			sourceTree = "<group>";
		};
		E5E3E38C1D184BD200C4A640 /* Model */ = {
			isa = PBXGroup;
			children = (
			);
			path = Model;
			sourceTree = "<group>";
		};
		E5E3E38D1D184BD200C4A640 /* View */ = {
			isa = PBXGroup;
			children = (
				E5E3E38E1D184BD200C4A640 /* IndentTextField.h */,
				E5E3E38F1D184BD200C4A640 /* IndentTextField.m */,
			);
			path = View;
			sourceTree = "<group>";
		};
		E5E3E3901D184BD200C4A640 /* ViewController */ = {
			isa = PBXGroup;
			children = (
				E5E3E3911D184BD200C4A640 /* LoginViewController.h */,
				E5E3E3921D184BD200C4A640 /* LoginViewController.m */,
				E5E3E3931D184BD200C4A640 /* RegisterViewController.h */,
				E5E3E3941D184BD200C4A640 /* RegisterViewController.m */,
			);
			path = ViewController;
			sourceTree = "<group>";
		};
		E5E3E3951D184BD200C4A640 /* ViewModel */ = {
			isa = PBXGroup;
			children = (
			);
			path = ViewModel;
			sourceTree = "<group>";
		};
		E5E3E3961D184BD200C4A640 /* My */ = {
			isa = PBXGroup;
			children = (
				E5E3E3971D184BD200C4A640 /* View */,
				E5E3E39A1D184BD200C4A640 /* ViewController */,
			);
			path = My;
			sourceTree = "<group>";
		};
		E5E3E3971D184BD200C4A640 /* View */ = {
			isa = PBXGroup;
			children = (
				E5E3E3981D184BD200C4A640 /* SettingTableViewCell.h */,
				E5E3E3991D184BD200C4A640 /* SettingTableViewCell.m */,
			);
			path = View;
			sourceTree = "<group>";
		};
		E5E3E39A1D184BD200C4A640 /* ViewController */ = {
			isa = PBXGroup;
			children = (
				E5E3E39B1D184BD200C4A640 /* MySettingViewController.h */,
				E5E3E39C1D184BD200C4A640 /* MySettingViewController.m */,
			);
			path = ViewController;
			sourceTree = "<group>";
		};
/* End PBXGroup section */

/* Begin PBXNativeTarget section */
		4B777A1D1CEDAFCD00BF92C1 /* ShichaZ */ = {
			isa = PBXNativeTarget;
			buildConfigurationList = 4B777A401CEDAFCD00BF92C1 /* Build configuration list for PBXNativeTarget "ShichaZ" */;
			buildPhases = (
				4AF8984B1A45D9443A425318 /* Check Pods Manifest.lock */,
				4B777A1A1CEDAFCD00BF92C1 /* Sources */,
				4B777A1B1CEDAFCD00BF92C1 /* Frameworks */,
				4B777A1C1CEDAFCD00BF92C1 /* Resources */,
				E19B15CFAEFBC50D5E695C12 /* Embed Pods Frameworks */,
				BF8AC3BD4503CEA5BBCD2B4F /* Copy Pods Resources */,
			);
			buildRules = (
			);
			dependencies = (
			);
			name = ShichaZ;
			productName = ShichaZ;
			productReference = 4B777A1E1CEDAFCD00BF92C1 /* ShichaZ.app */;
			productType = "com.apple.product-type.application";
		};
		4B777A361CEDAFCD00BF92C1 /* ShichaZTests */ = {
			isa = PBXNativeTarget;
			buildConfigurationList = 4B777A431CEDAFCD00BF92C1 /* Build configuration list for PBXNativeTarget "ShichaZTests" */;
			buildPhases = (
				4B777A331CEDAFCD00BF92C1 /* Sources */,
				4B777A341CEDAFCD00BF92C1 /* Frameworks */,
				4B777A351CEDAFCD00BF92C1 /* Resources */,
			);
			buildRules = (
			);
			dependencies = (
				4B777A391CEDAFCD00BF92C1 /* PBXTargetDependency */,
			);
			name = ShichaZTests;
			productName = ShichaZTests;
			productReference = 4B777A371CEDAFCD00BF92C1 /* ShichaZTests.xctest */;
			productType = "com.apple.product-type.bundle.unit-test";
		};
/* End PBXNativeTarget section */

/* Begin PBXProject section */
		4B777A161CEDAFCD00BF92C1 /* Project object */ = {
			isa = PBXProject;
			attributes = {
				LastUpgradeCheck = 0730;
				ORGANIZATIONNAME = Kity_Pei;
				TargetAttributes = {
					4B777A1D1CEDAFCD00BF92C1 = {
						CreatedOnToolsVersion = 7.3.1;
					};
					4B777A361CEDAFCD00BF92C1 = {
						CreatedOnToolsVersion = 7.3.1;
						TestTargetID = 4B777A1D1CEDAFCD00BF92C1;
					};
				};
			};
			buildConfigurationList = 4B777A191CEDAFCD00BF92C1 /* Build configuration list for PBXProject "ShichaZ" */;
			compatibilityVersion = "Xcode 3.2";
			developmentRegion = English;
			hasScannedForEncodings = 0;
			knownRegions = (
				en,
				Base,
			);
			mainGroup = 4B777A151CEDAFCD00BF92C1;
			productRefGroup = 4B777A1F1CEDAFCD00BF92C1 /* Products */;
			projectDirPath = "";
			projectRoot = "";
			targets = (
				4B777A1D1CEDAFCD00BF92C1 /* ShichaZ */,
				4B777A361CEDAFCD00BF92C1 /* ShichaZTests */,
			);
		};
/* End PBXProject section */

/* Begin PBXResourcesBuildPhase section */
		4B777A1C1CEDAFCD00BF92C1 /* Resources */ = {
			isa = PBXResourcesBuildPhase;
			buildActionMask = 2147483647;
			files = (
				4B777A2E1CEDAFCD00BF92C1 /* Assets.xcassets in Resources */,
			);
			runOnlyForDeploymentPostprocessing = 0;
		};
		4B777A351CEDAFCD00BF92C1 /* Resources */ = {
			isa = PBXResourcesBuildPhase;
			buildActionMask = 2147483647;
			files = (
			);
			runOnlyForDeploymentPostprocessing = 0;
		};
/* End PBXResourcesBuildPhase section */

/* Begin PBXShellScriptBuildPhase section */
		4AF8984B1A45D9443A425318 /* Check Pods Manifest.lock */ = {
			isa = PBXShellScriptBuildPhase;
			buildActionMask = 2147483647;
			files = (
			);
			inputPaths = (
			);
			name = "Check Pods Manifest.lock";
			outputPaths = (
			);
			runOnlyForDeploymentPostprocessing = 0;
			shellPath = /bin/sh;
			shellScript = "diff \"${PODS_ROOT}/../Podfile.lock\" \"${PODS_ROOT}/Manifest.lock\" > /dev/null\nif [[ $? != 0 ]] ; then\n    cat << EOM\nerror: The sandbox is not in sync with the Podfile.lock. Run 'pod install' or update your CocoaPods installation.\nEOM\n    exit 1\nfi\n";
			showEnvVarsInLog = 0;
		};
		BF8AC3BD4503CEA5BBCD2B4F /* Copy Pods Resources */ = {
			isa = PBXShellScriptBuildPhase;
			buildActionMask = 2147483647;
			files = (
			);
			inputPaths = (
			);
			name = "Copy Pods Resources";
			outputPaths = (
			);
			runOnlyForDeploymentPostprocessing = 0;
			shellPath = /bin/sh;
			shellScript = "\"${SRCROOT}/Pods/Target Support Files/Pods/Pods-resources.sh\"\n";
			showEnvVarsInLog = 0;
		};
		E19B15CFAEFBC50D5E695C12 /* Embed Pods Frameworks */ = {
			isa = PBXShellScriptBuildPhase;
			buildActionMask = 2147483647;
			files = (
			);
			inputPaths = (
			);
			name = "Embed Pods Frameworks";
			outputPaths = (
			);
			runOnlyForDeploymentPostprocessing = 0;
			shellPath = /bin/sh;
			shellScript = "\"${SRCROOT}/Pods/Target Support Files/Pods/Pods-frameworks.sh\"\n";
			showEnvVarsInLog = 0;
		};
/* End PBXShellScriptBuildPhase section */

/* Begin PBXSourcesBuildPhase section */
		4B777A1A1CEDAFCD00BF92C1 /* Sources */ = {
			isa = PBXSourcesBuildPhase;
			buildActionMask = 2147483647;
			files = (
				4B777A261CEDAFCD00BF92C1 /* AppDelegate.m in Sources */,
				E5E2BF4A1D1BDB5300888D44 /* DiscussRequestApi.m in Sources */,
				4BD092FD1CEF3D3B0092B50F /* NSString+PP.m in Sources */,
				E5E3E3A41D184BD200C4A640 /* SettingTableViewCell.m in Sources */,
				4BD092FA1CEF3B680092B50F /* MBProgressHUD+PP.m in Sources */,
				E5E3E3A51D184BD200C4A640 /* MySettingViewController.m in Sources */,
				E5E3E39D1D184BD200C4A640 /* RestaurantDetailViewController.m in Sources */,
				4BD092EE1CEF37370092B50F /* BaseViewController.m in Sources */,
				E5E3E39F1D184BD200C4A640 /* GroupTableViewCell.m in Sources */,
				E5E3E3A01D184BD200C4A640 /* GroupViewController.m in Sources */,
				E5E3E3A31D184BD200C4A640 /* RegisterViewController.m in Sources */,
				E589EE0A1CF46326002E626F /* PPUntils.m in Sources */,
				4BD092F11CEF37670092B50F /* CustomTabbarController.m in Sources */,
				4B777A231CEDAFCD00BF92C1 /* main.m in Sources */,
				E5E3E39E1D184BD200C4A640 /* RestaurantGroupViewController.m in Sources */,
				E5E3E3A21D184BD200C4A640 /* LoginViewController.m in Sources */,
				E5E3E3A11D184BD200C4A640 /* IndentTextField.m in Sources */,
				E5E2BF471D1BD86F00888D44 /* DiscussModel.m in Sources */,
			);
			runOnlyForDeploymentPostprocessing = 0;
		};
		4B777A331CEDAFCD00BF92C1 /* Sources */ = {
			isa = PBXSourcesBuildPhase;
			buildActionMask = 2147483647;
			files = (
				4B777A3C1CEDAFCD00BF92C1 /* ShichaZTests.m in Sources */,
			);
			runOnlyForDeploymentPostprocessing = 0;
		};
/* End PBXSourcesBuildPhase section */

/* Begin PBXTargetDependency section */
		4B777A391CEDAFCD00BF92C1 /* PBXTargetDependency */ = {
			isa = PBXTargetDependency;
			target = 4B777A1D1CEDAFCD00BF92C1 /* ShichaZ */;
			targetProxy = 4B777A381CEDAFCD00BF92C1 /* PBXContainerItemProxy */;
		};
/* End PBXTargetDependency section */

/* Begin XCBuildConfiguration section */
		4B777A3E1CEDAFCD00BF92C1 /* Debug */ = {
			isa = XCBuildConfiguration;
			buildSettings = {
				ALWAYS_SEARCH_USER_PATHS = NO;
				CLANG_ANALYZER_NONNULL = YES;
				CLANG_CXX_LANGUAGE_STANDARD = "gnu++0x";
				CLANG_CXX_LIBRARY = "libc++";
				CLANG_ENABLE_MODULES = YES;
				CLANG_ENABLE_OBJC_ARC = YES;
				CLANG_WARN_BOOL_CONVERSION = YES;
				CLANG_WARN_CONSTANT_CONVERSION = YES;
				CLANG_WARN_DIRECT_OBJC_ISA_USAGE = YES_ERROR;
				CLANG_WARN_EMPTY_BODY = YES;
				CLANG_WARN_ENUM_CONVERSION = YES;
				CLANG_WARN_INT_CONVERSION = YES;
				CLANG_WARN_OBJC_ROOT_CLASS = YES_ERROR;
				CLANG_WARN_UNREACHABLE_CODE = YES;
				CLANG_WARN__DUPLICATE_METHOD_MATCH = YES;
				"CODE_SIGN_IDENTITY[sdk=iphoneos*]" = "iPhone Developer";
				COPY_PHASE_STRIP = NO;
				DEBUG_INFORMATION_FORMAT = dwarf;
				ENABLE_STRICT_OBJC_MSGSEND = YES;
				ENABLE_TESTABILITY = YES;
				GCC_C_LANGUAGE_STANDARD = gnu99;
				GCC_DYNAMIC_NO_PIC = NO;
				GCC_NO_COMMON_BLOCKS = YES;
				GCC_OPTIMIZATION_LEVEL = 0;
				GCC_PREPROCESSOR_DEFINITIONS = (
					"DEBUG=1",
					"$(inherited)",
				);
				GCC_WARN_64_TO_32_BIT_CONVERSION = YES;
				GCC_WARN_ABOUT_RETURN_TYPE = YES_ERROR;
				GCC_WARN_UNDECLARED_SELECTOR = YES;
				GCC_WARN_UNINITIALIZED_AUTOS = YES_AGGRESSIVE;
				GCC_WARN_UNUSED_FUNCTION = YES;
				GCC_WARN_UNUSED_VARIABLE = YES;
				IPHONEOS_DEPLOYMENT_TARGET = 7.0;
				MTL_ENABLE_DEBUG_INFO = YES;
				ONLY_ACTIVE_ARCH = YES;
				SDKROOT = iphoneos;
			};
			name = Debug;
		};
		4B777A3F1CEDAFCD00BF92C1 /* Release */ = {
			isa = XCBuildConfiguration;
			buildSettings = {
				ALWAYS_SEARCH_USER_PATHS = NO;
				CLANG_ANALYZER_NONNULL = YES;
				CLANG_CXX_LANGUAGE_STANDARD = "gnu++0x";
				CLANG_CXX_LIBRARY = "libc++";
				CLANG_ENABLE_MODULES = YES;
				CLANG_ENABLE_OBJC_ARC = YES;
				CLANG_WARN_BOOL_CONVERSION = YES;
				CLANG_WARN_CONSTANT_CONVERSION = YES;
				CLANG_WARN_DIRECT_OBJC_ISA_USAGE = YES_ERROR;
				CLANG_WARN_EMPTY_BODY = YES;
				CLANG_WARN_ENUM_CONVERSION = YES;
				CLANG_WARN_INT_CONVERSION = YES;
				CLANG_WARN_OBJC_ROOT_CLASS = YES_ERROR;
				CLANG_WARN_UNREACHABLE_CODE = YES;
				CLANG_WARN__DUPLICATE_METHOD_MATCH = YES;
				"CODE_SIGN_IDENTITY[sdk=iphoneos*]" = "iPhone Developer";
				COPY_PHASE_STRIP = NO;
				DEBUG_INFORMATION_FORMAT = "dwarf-with-dsym";
				ENABLE_NS_ASSERTIONS = NO;
				ENABLE_STRICT_OBJC_MSGSEND = YES;
				GCC_C_LANGUAGE_STANDARD = gnu99;
				GCC_NO_COMMON_BLOCKS = YES;
				GCC_WARN_64_TO_32_BIT_CONVERSION = YES;
				GCC_WARN_ABOUT_RETURN_TYPE = YES_ERROR;
				GCC_WARN_UNDECLARED_SELECTOR = YES;
				GCC_WARN_UNINITIALIZED_AUTOS = YES_AGGRESSIVE;
				GCC_WARN_UNUSED_FUNCTION = YES;
				GCC_WARN_UNUSED_VARIABLE = YES;
				IPHONEOS_DEPLOYMENT_TARGET = 7.0;
				MTL_ENABLE_DEBUG_INFO = NO;
				SDKROOT = iphoneos;
				VALIDATE_PRODUCT = YES;
			};
			name = Release;
		};
		4B777A411CEDAFCD00BF92C1 /* Debug */ = {
			isa = XCBuildConfiguration;
			baseConfigurationReference = 105C23766CC41D478566DAD1 /* Pods.debug.xcconfig */;
			buildSettings = {
				ASSETCATALOG_COMPILER_APPICON_NAME = AppIcon;
				ASSETCATALOG_COMPILER_LAUNCHIMAGE_NAME = "Brand Assets";
				GCC_PRECOMPILE_PREFIX_HEADER = YES;
				GCC_PREFIX_HEADER = ShichaZ/ShichaZ_Prefix.pch;
				INFOPLIST_FILE = ShichaZ/Info.plist;
				LD_RUNPATH_SEARCH_PATHS = "$(inherited) @executable_path/Frameworks";
				PRODUCT_BUNDLE_IDENTIFIER = com.drogan.pp.ShichaZ;
				PRODUCT_NAME = "$(TARGET_NAME)";
				USER_HEADER_SEARCH_PATHS = "$(SRCROOT)/**";
			};
			name = Debug;
		};
		4B777A421CEDAFCD00BF92C1 /* Release */ = {
			isa = XCBuildConfiguration;
			baseConfigurationReference = 8A80D266090026EA23CFC94A /* Pods.release.xcconfig */;
			buildSettings = {
				ASSETCATALOG_COMPILER_APPICON_NAME = AppIcon;
				ASSETCATALOG_COMPILER_LAUNCHIMAGE_NAME = "Brand Assets";
				GCC_PRECOMPILE_PREFIX_HEADER = YES;
				GCC_PREFIX_HEADER = ShichaZ/ShichaZ_Prefix.pch;
				INFOPLIST_FILE = ShichaZ/Info.plist;
				LD_RUNPATH_SEARCH_PATHS = "$(inherited) @executable_path/Frameworks";
				PRODUCT_BUNDLE_IDENTIFIER = com.drogan.pp.ShichaZ;
				PRODUCT_NAME = "$(TARGET_NAME)";
				USER_HEADER_SEARCH_PATHS = "$(SRCROOT)/**";
			};
			name = Release;
		};
		4B777A441CEDAFCD00BF92C1 /* Debug */ = {
			isa = XCBuildConfiguration;
			buildSettings = {
				BUNDLE_LOADER = "$(TEST_HOST)";
				INFOPLIST_FILE = ShichaZTests/Info.plist;
				LD_RUNPATH_SEARCH_PATHS = "$(inherited) @executable_path/Frameworks @loader_path/Frameworks";
				PRODUCT_BUNDLE_IDENTIFIER = com.drogan.pp.ShichaZTests;
				PRODUCT_NAME = "$(TARGET_NAME)";
				TEST_HOST = "$(BUILT_PRODUCTS_DIR)/ShichaZ.app/ShichaZ";
			};
			name = Debug;
		};
		4B777A451CEDAFCD00BF92C1 /* Release */ = {
			isa = XCBuildConfiguration;
			buildSettings = {
				BUNDLE_LOADER = "$(TEST_HOST)";
				INFOPLIST_FILE = ShichaZTests/Info.plist;
				LD_RUNPATH_SEARCH_PATHS = "$(inherited) @executable_path/Frameworks @loader_path/Frameworks";
				PRODUCT_BUNDLE_IDENTIFIER = com.drogan.pp.ShichaZTests;
				PRODUCT_NAME = "$(TARGET_NAME)";
				TEST_HOST = "$(BUILT_PRODUCTS_DIR)/ShichaZ.app/ShichaZ";
			};
			name = Release;
		};
/* End XCBuildConfiguration section */

/* Begin XCConfigurationList section */
		4B777A191CEDAFCD00BF92C1 /* Build configuration list for PBXProject "ShichaZ" */ = {
			isa = XCConfigurationList;
			buildConfigurations = (
				4B777A3E1CEDAFCD00BF92C1 /* Debug */,
				4B777A3F1CEDAFCD00BF92C1 /* Release */,
			);
			defaultConfigurationIsVisible = 0;
			defaultConfigurationName = Release;
		};
		4B777A401CEDAFCD00BF92C1 /* Build configuration list for PBXNativeTarget "ShichaZ" */ = {
			isa = XCConfigurationList;
			buildConfigurations = (
				4B777A411CEDAFCD00BF92C1 /* Debug */,
				4B777A421CEDAFCD00BF92C1 /* Release */,
			);
			defaultConfigurationIsVisible = 0;
			defaultConfigurationName = Release;
		};
		4B777A431CEDAFCD00BF92C1 /* Build configuration list for PBXNativeTarget "ShichaZTests" */ = {
			isa = XCConfigurationList;
			buildConfigurations = (
				4B777A441CEDAFCD00BF92C1 /* Debug */,
				4B777A451CEDAFCD00BF92C1 /* Release */,
			);
			defaultConfigurationIsVisible = 0;
			defaultConfigurationName = Release;
		};
/* End XCConfigurationList section */
	};
	rootObject = 4B777A161CEDAFCD00BF92C1 /* Project object */;
}
